
Microsoft Visual Studio Solution File, Format Version 12.00
# Visual Studio 14
VisualStudioVersion = 14.0.25420.1
MinimumVisualStudioVersion = 10.0.40219.1
Project("{FAE04EC0-301F-11D3-BF4B-00C04F79EFBC}") = "Delegates", "Delegates.csproj", "{9947D779-DFEE-475E-B3F5-5367B09802AD}"
EndProject
Project("{FAE04EC0-301F-11D3-BF4B-00C04F79EFBC}") = "Delegates.Callback", "..\Delegates.Callback\Delegates.Callback.csproj", "{CC836464-AB3A-47DC-9D2E-AB9670D2A0F2}"
EndProject
Project("{FAE04EC0-301F-11D3-BF4B-00C04F79EFBC}") = "Delegates.Reusability", "..\Delegates.Reusability\Delegates.Reusability.csproj", "{30E0454E-69DD-46B1-8CC3-1347726F1AF3}"
EndProject
Global
	GlobalSection(SolutionConfigurationPlatforms) = preSolution
		Debug|Any CPU = Debug|Any CPU
		Release|Any CPU = Release|Any CPU
	EndGlobalSection
	GlobalSection(ProjectConfigurationPlatforms) = postSolution
		{9947D779-DFEE-475E-B3F5-5367B09802AD}.Debug|Any CPU.ActiveCfg = Debug|Any CPU
		{9947D779-DFEE-475E-B3F5-5367B09802AD}.Debug|Any CPU.Build.0 = Debug|Any CPU
		{9947D779-DFEE-475E-B3F5-5367B09802AD}.Release|Any CPU.ActiveCfg = Release|Any CPU
		{9947D779-DFEE-475E-B3F5-5367B09802AD}.Release|Any CPU.Build.0 = Release|Any CPU
		{CC836464-AB3A-47DC-9D2E-AB9670D2A0F2}.Debug|Any CPU.ActiveCfg = Debug|Any CPU
		{CC836464-AB3A-47DC-9D2E-AB9670D2A0F2}.Debug|Any CPU.Build.0 = Debug|Any CPU
		{CC836464-AB3A-47DC-9D2E-AB9670D2A0F2}.Release|Any CPU.ActiveCfg = Release|Any CPU
		{CC836464-AB3A-47DC-9D2E-AB9670D2A0F2}.Release|Any CPU.Build.0 = Release|Any CPU
		{30E0454E-69DD-46B1-8CC3-1347726F1AF3}.Debug|Any CPU.ActiveCfg = Debug|Any CPU
		{30E0454E-69DD-46B1-8CC3-1347726F1AF3}.Debug|Any CPU.Build.0 = Debug|Any CPU
		{30E0454E-69DD-46B1-8CC3-1347726F1AF3}.Release|Any CPU.ActiveCfg = Release|Any CPU
		{30E0454E-69DD-46B1-8CC3-1347726F1AF3}.Release|Any CPU.Build.0 = Release|Any CPU
	EndGlobalSection
	GlobalSection(SolutionProperties) = preSolution
		HideSolutionNode = FALSE
	EndGlobalSection
EndGlobal
